
Microsoft Visual Studio Solution File, Format Version 12.00
# Visual Studio Version 16
VisualStudioVersion = 16.0.30114.105
MinimumVisualStudioVersion = 10.0.40219.1
Project("{FAE04EC0-301F-11D3-BF4B-00C04F79EFBC}") = "ExercicioMoradia", "ProjetoMoradia.Console\ExercicioMoradia.csproj", "{02BA4D71-9A93-47A8-8808-4D2C30A801DF}"
EndProject
Project("{FAE04EC0-301F-11D3-BF4B-00C04F79EFBC}") = "ProjetoMoradia.TesteUnitario", "ProjetoMoradia.TesteUnitario\ProjetoMoradia.TesteUnitario.csproj", "{366C7870-CEF8-421E-A72B-7D7E8F1D02B5}"
EndProject
Global
	GlobalSection(SolutionConfigurationPlatforms) = preSolution
		Debug|Any CPU = Debug|Any CPU
		Release|Any CPU = Release|Any CPU
	EndGlobalSection
	GlobalSection(SolutionProperties) = preSolution
		HideSolutionNode = FALSE
	EndGlobalSection
	GlobalSection(ProjectConfigurationPlatforms) = postSolution
		{02BA4D71-9A93-47A8-8808-4D2C30A801DF}.Debug|Any CPU.ActiveCfg = Debug|Any CPU
		{02BA4D71-9A93-47A8-8808-4D2C30A801DF}.Debug|Any CPU.Build.0 = Debug|Any CPU
		{02BA4D71-9A93-47A8-8808-4D2C30A801DF}.Release|Any CPU.ActiveCfg = Release|Any CPU
		{02BA4D71-9A93-47A8-8808-4D2C30A801DF}.Release|Any CPU.Build.0 = Release|Any CPU
		{366C7870-CEF8-421E-A72B-7D7E8F1D02B5}.Debug|Any CPU.ActiveCfg = Debug|Any CPU
		{366C7870-CEF8-421E-A72B-7D7E8F1D02B5}.Debug|Any CPU.Build.0 = Debug|Any CPU
		{366C7870-CEF8-421E-A72B-7D7E8F1D02B5}.Release|Any CPU.ActiveCfg = Release|Any CPU
		{366C7870-CEF8-421E-A72B-7D7E8F1D02B5}.Release|Any CPU.Build.0 = Release|Any CPU
	EndGlobalSection
EndGlobal
